
Microsoft Visual Studio Solution File, Format Version 12.00
# Visual Studio Version 17
VisualStudioVersion = 17.6.33801.468
MinimumVisualStudioVersion = 10.0.40219.1
Project("{2150E333-8FDC-42A3-9474-1A3956D46DE8}") = "src", "src", "{81B51487-03FA-4E20-8284-048D2DF1438E}"
EndProject
Project("{FAE04EC0-301F-11D3-BF4B-00C04F79EFBC}") = "Dainn.WebAPI", "Dainn.WebAPI\Dainn.WebAPI.csproj", "{1FA15574-F542-4E69-9D41-67201584E8BB}"
EndProject
Project("{2150E333-8FDC-42A3-9474-1A3956D46DE8}") = "Core", "Core", "{08AEFF43-ACF3-4A15-9B0D-9EA6B7C37A49}"
EndProject
Project("{FAE04EC0-301F-11D3-BF4B-00C04F79EFBC}") = "Dainn.Application", "Dainn.Application\Dainn.Application.csproj", "{012CDF60-9DBB-4981-9DFF-222761E1AA0F}"
EndProject
Project("{FAE04EC0-301F-11D3-BF4B-00C04F79EFBC}") = "Dainn.Domain", "Dainn.Domain\Dainn.Domain.csproj", "{C943A5BE-3AD2-4AA0-85E9-AF78F7DB1D81}"
EndProject
Project("{2150E333-8FDC-42A3-9474-1A3956D46DE8}") = "Infrastructure", "Infrastructure", "{03402289-AA42-4202-86B5-8EAA548E07D2}"
EndProject
Project("{FAE04EC0-301F-11D3-BF4B-00C04F79EFBC}") = "Dainn.Infrastucture", "Dainn.Infrastucture\Dainn.Infrastucture.csproj", "{0A22F626-C8EC-4676-8ED8-26594D808CB9}"
EndProject
Project("{FAE04EC0-301F-11D3-BF4B-00C04F79EFBC}") = "Dainn.Identity", "Dainn.Identity\Dainn.Identity.csproj", "{C6CD54A4-A513-47A9-B134-B79CCF4F104E}"
EndProject
Project("{FAE04EC0-301F-11D3-BF4B-00C04F79EFBC}") = "Dainn.Persistence", "Dainn.Persistence\Dainn.Persistence.csproj", "{1606A5B5-5A97-4F54-935F-3D55770BFA48}"
EndProject
Project("{2150E333-8FDC-42A3-9474-1A3956D46DE8}") = "test", "test", "{5EF47706-8291-4462-B670-491FC7B2860D}"
EndProject
Project("{FAE04EC0-301F-11D3-BF4B-00C04F79EFBC}") = "Dainn.Application.UnitTests", "Dainn.Application.UnitTests\Dainn.Application.UnitTests.csproj", "{4C077277-9326-4730-9540-44366A07189C}"
EndProject
Project("{FAE04EC0-301F-11D3-BF4B-00C04F79EFBC}") = "Dainn.Persistence.IntegrationTests", "Dainn.Persistence.IntegrationTests\Dainn.Persistence.IntegrationTests.csproj", "{FB1580FD-FD58-4EDE-B2A9-787CEF122FAF}"
EndProject
Global
	GlobalSection(SolutionConfigurationPlatforms) = preSolution
		Debug|Any CPU = Debug|Any CPU
		Release|Any CPU = Release|Any CPU
	EndGlobalSection
	GlobalSection(ProjectConfigurationPlatforms) = postSolution
		{1FA15574-F542-4E69-9D41-67201584E8BB}.Debug|Any CPU.ActiveCfg = Debug|Any CPU
		{1FA15574-F542-4E69-9D41-67201584E8BB}.Debug|Any CPU.Build.0 = Debug|Any CPU
		{1FA15574-F542-4E69-9D41-67201584E8BB}.Release|Any CPU.ActiveCfg = Release|Any CPU
		{1FA15574-F542-4E69-9D41-67201584E8BB}.Release|Any CPU.Build.0 = Release|Any CPU
		{012CDF60-9DBB-4981-9DFF-222761E1AA0F}.Debug|Any CPU.ActiveCfg = Debug|Any CPU
		{012CDF60-9DBB-4981-9DFF-222761E1AA0F}.Debug|Any CPU.Build.0 = Debug|Any CPU
		{012CDF60-9DBB-4981-9DFF-222761E1AA0F}.Release|Any CPU.ActiveCfg = Release|Any CPU
		{012CDF60-9DBB-4981-9DFF-222761E1AA0F}.Release|Any CPU.Build.0 = Release|Any CPU
		{C943A5BE-3AD2-4AA0-85E9-AF78F7DB1D81}.Debug|Any CPU.ActiveCfg = Debug|Any CPU
		{C943A5BE-3AD2-4AA0-85E9-AF78F7DB1D81}.Debug|Any CPU.Build.0 = Debug|Any CPU
		{C943A5BE-3AD2-4AA0-85E9-AF78F7DB1D81}.Release|Any CPU.ActiveCfg = Release|Any CPU
		{C943A5BE-3AD2-4AA0-85E9-AF78F7DB1D81}.Release|Any CPU.Build.0 = Release|Any CPU
		{0A22F626-C8EC-4676-8ED8-26594D808CB9}.Debug|Any CPU.ActiveCfg = Debug|Any CPU
		{0A22F626-C8EC-4676-8ED8-26594D808CB9}.Debug|Any CPU.Build.0 = Debug|Any CPU
		{0A22F626-C8EC-4676-8ED8-26594D808CB9}.Release|Any CPU.ActiveCfg = Release|Any CPU
		{0A22F626-C8EC-4676-8ED8-26594D808CB9}.Release|Any CPU.Build.0 = Release|Any CPU
		{C6CD54A4-A513-47A9-B134-B79CCF4F104E}.Debug|Any CPU.ActiveCfg = Debug|Any CPU
		{C6CD54A4-A513-47A9-B134-B79CCF4F104E}.Debug|Any CPU.Build.0 = Debug|Any CPU
		{C6CD54A4-A513-47A9-B134-B79CCF4F104E}.Release|Any CPU.ActiveCfg = Release|Any CPU
		{C6CD54A4-A513-47A9-B134-B79CCF4F104E}.Release|Any CPU.Build.0 = Release|Any CPU
		{1606A5B5-5A97-4F54-935F-3D55770BFA48}.Debug|Any CPU.ActiveCfg = Debug|Any CPU
		{1606A5B5-5A97-4F54-935F-3D55770BFA48}.Debug|Any CPU.Build.0 = Debug|Any CPU
		{1606A5B5-5A97-4F54-935F-3D55770BFA48}.Release|Any CPU.ActiveCfg = Release|Any CPU
		{1606A5B5-5A97-4F54-935F-3D55770BFA48}.Release|Any CPU.Build.0 = Release|Any CPU
		{4C077277-9326-4730-9540-44366A07189C}.Debug|Any CPU.ActiveCfg = Debug|Any CPU
		{4C077277-9326-4730-9540-44366A07189C}.Debug|Any CPU.Build.0 = Debug|Any CPU
		{4C077277-9326-4730-9540-44366A07189C}.Release|Any CPU.ActiveCfg = Release|Any CPU
		{4C077277-9326-4730-9540-44366A07189C}.Release|Any CPU.Build.0 = Release|Any CPU
		{FB1580FD-FD58-4EDE-B2A9-787CEF122FAF}.Debug|Any CPU.ActiveCfg = Debug|Any CPU
		{FB1580FD-FD58-4EDE-B2A9-787CEF122FAF}.Debug|Any CPU.Build.0 = Debug|Any CPU
		{FB1580FD-FD58-4EDE-B2A9-787CEF122FAF}.Release|Any CPU.ActiveCfg = Release|Any CPU
		{FB1580FD-FD58-4EDE-B2A9-787CEF122FAF}.Release|Any CPU.Build.0 = Release|Any CPU
	EndGlobalSection
	GlobalSection(SolutionProperties) = preSolution
		HideSolutionNode = FALSE
	EndGlobalSection
	GlobalSection(NestedProjects) = preSolution
		{1FA15574-F542-4E69-9D41-67201584E8BB} = {81B51487-03FA-4E20-8284-048D2DF1438E}
		{08AEFF43-ACF3-4A15-9B0D-9EA6B7C37A49} = {81B51487-03FA-4E20-8284-048D2DF1438E}
		{012CDF60-9DBB-4981-9DFF-222761E1AA0F} = {08AEFF43-ACF3-4A15-9B0D-9EA6B7C37A49}
		{C943A5BE-3AD2-4AA0-85E9-AF78F7DB1D81} = {08AEFF43-ACF3-4A15-9B0D-9EA6B7C37A49}
		{03402289-AA42-4202-86B5-8EAA548E07D2} = {81B51487-03FA-4E20-8284-048D2DF1438E}
		{0A22F626-C8EC-4676-8ED8-26594D808CB9} = {03402289-AA42-4202-86B5-8EAA548E07D2}
		{C6CD54A4-A513-47A9-B134-B79CCF4F104E} = {03402289-AA42-4202-86B5-8EAA548E07D2}
		{1606A5B5-5A97-4F54-935F-3D55770BFA48} = {03402289-AA42-4202-86B5-8EAA548E07D2}
		{4C077277-9326-4730-9540-44366A07189C} = {5EF47706-8291-4462-B670-491FC7B2860D}
		{FB1580FD-FD58-4EDE-B2A9-787CEF122FAF} = {5EF47706-8291-4462-B670-491FC7B2860D}
	EndGlobalSection
	GlobalSection(ExtensibilityGlobals) = postSolution
		SolutionGuid = {213643F1-0F58-46EB-929C-24578C77046D}
	EndGlobalSection
EndGlobal
